
Microsoft Visual Studio Solution File, Format Version 12.00
# Visual Studio Version 17
VisualStudioVersion = 17.3.32901.215
MinimumVisualStudioVersion = 10.0.40219.1
Project("{FAE04EC0-301F-11D3-BF4B-00C04F79EFBC}") = "savings calculator", "savings calculator\savings calculator.csproj", "{F20C16BA-554B-4EED-BE9C-F23E2344687A}"
EndProject
Global
	GlobalSection(SolutionConfigurationPlatforms) = preSolution
		Debug|Any CPU = Debug|Any CPU
		Release|Any CPU = Release|Any CPU
	EndGlobalSection
	GlobalSection(ProjectConfigurationPlatforms) = postSolution
		{F20C16BA-554B-4EED-BE9C-F23E2344687A}.Debug|Any CPU.ActiveCfg = Debug|Any CPU
		{F20C16BA-554B-4EED-BE9C-F23E2344687A}.Debug|Any CPU.Build.0 = Debug|Any CPU
		{F20C16BA-554B-4EED-BE9C-F23E2344687A}.Release|Any CPU.ActiveCfg = Release|Any CPU
		{F20C16BA-554B-4EED-BE9C-F23E2344687A}.Release|Any CPU.Build.0 = Release|Any CPU
	EndGlobalSection
	GlobalSection(SolutionProperties) = preSolution
		HideSolutionNode = FALSE
	EndGlobalSection
	GlobalSection(ExtensibilityGlobals) = postSolution
		SolutionGuid = {0AF2CE90-036A-48F8-ADE9-B07F6CA647C0}
	EndGlobalSection
EndGlobal
