
Microsoft Visual Studio Solution File, Format Version 12.00
# Visual Studio Version 17
VisualStudioVersion = 17.3.32901.215
MinimumVisualStudioVersion = 10.0.40219.1
Project("{FAE04EC0-301F-11D3-BF4B-00C04F79EFBC}") = "test", "test\test.csproj", "{C653018E-70A1-478F-88FD-CDC4845FEA11}"
EndProject
Global
	GlobalSection(SolutionConfigurationPlatforms) = preSolution
		Debug|Any CPU = Debug|Any CPU
		Release|Any CPU = Release|Any CPU
	EndGlobalSection
	GlobalSection(ProjectConfigurationPlatforms) = postSolution
		{C653018E-70A1-478F-88FD-CDC4845FEA11}.Debug|Any CPU.ActiveCfg = Debug|Any CPU
		{C653018E-70A1-478F-88FD-CDC4845FEA11}.Debug|Any CPU.Build.0 = Debug|Any CPU
		{C653018E-70A1-478F-88FD-CDC4845FEA11}.Release|Any CPU.ActiveCfg = Release|Any CPU
		{C653018E-70A1-478F-88FD-CDC4845FEA11}.Release|Any CPU.Build.0 = Release|Any CPU
	EndGlobalSection
	GlobalSection(SolutionProperties) = preSolution
		HideSolutionNode = FALSE
	EndGlobalSection
	GlobalSection(ExtensibilityGlobals) = postSolution
		SolutionGuid = {2566A54A-098A-46DC-9D2E-328E68EADB5A}
	EndGlobalSection
EndGlobal
